
Microsoft Visual Studio Solution File, Format Version 12.00
# Visual Studio 14
VisualStudioVersion = 14.0.25420.1
MinimumVisualStudioVersion = 10.0.40219.1
Project("{FAE04EC0-301F-11D3-BF4B-00C04F79EFBC}") = "SyndicateMobApp.Droid", "SyndicateMobApp\SyndicateMobApp.Droid\SyndicateMobApp.Droid.csproj", "{ED197455-D195-4CE3-8AA5-59AABEBDDD4E}"
EndProject
Project("{FAE04EC0-301F-11D3-BF4B-00C04F79EFBC}") = "SyndicateMobApp.iOS", "SyndicateMobApp\SyndicateMobApp.iOS\SyndicateMobApp.iOS.csproj", "{14F138DB-3C62-4AB8-90D8-E1DC0E04CE0B}"
EndProject
Project("{FAE04EC0-301F-11D3-BF4B-00C04F79EFBC}") = "SyndicateMobApp.WinPhone", "SyndicateMobApp\SyndicateMobApp.WinPhone\SyndicateMobApp.WinPhone.csproj", "{C7FCA1CD-1436-4E60-AC7B-32EB08327736}"
EndProject
Project("{FAE04EC0-301F-11D3-BF4B-00C04F79EFBC}") = "SyndicateMobApp.Windows", "SyndicateMobApp\SyndicateMobApp.Windows\SyndicateMobApp.Windows.csproj", "{94104927-AAB7-4870-A12E-F33816201F2D}"
EndProject
Project("{FAE04EC0-301F-11D3-BF4B-00C04F79EFBC}") = "SyndicateMobApp", "SyndicateMobApp\SyndicateMobApp\SyndicateMobApp.csproj", "{A6BCA2F6-7EA6-4642-8D13-CE0F800C4944}"
EndProject
Project("{FAE04EC0-301F-11D3-BF4B-00C04F79EFBC}") = "SyndicateServiceLib", "..\SyndicateService\SyndicateService\SyndicateServiceLib.csproj", "{1F138269-ADB0-44F5-A51D-2C70D3E6636E}"
EndProject
Global
	GlobalSection(SolutionConfigurationPlatforms) = preSolution
		Ad-Hoc|Any CPU = Ad-Hoc|Any CPU
		Ad-Hoc|ARM = Ad-Hoc|ARM
		Ad-Hoc|iPhone = Ad-Hoc|iPhone
		Ad-Hoc|iPhoneSimulator = Ad-Hoc|iPhoneSimulator
		Ad-Hoc|x64 = Ad-Hoc|x64
		Ad-Hoc|x86 = Ad-Hoc|x86
		AppStore|Any CPU = AppStore|Any CPU
		AppStore|ARM = AppStore|ARM
		AppStore|iPhone = AppStore|iPhone
		AppStore|iPhoneSimulator = AppStore|iPhoneSimulator
		AppStore|x64 = AppStore|x64
		AppStore|x86 = AppStore|x86
		Debug|Any CPU = Debug|Any CPU
		Debug|ARM = Debug|ARM
		Debug|iPhone = Debug|iPhone
		Debug|iPhoneSimulator = Debug|iPhoneSimulator
		Debug|x64 = Debug|x64
		Debug|x86 = Debug|x86
		Release|Any CPU = Release|Any CPU
		Release|ARM = Release|ARM
		Release|iPhone = Release|iPhone
		Release|iPhoneSimulator = Release|iPhoneSimulator
		Release|x64 = Release|x64
		Release|x86 = Release|x86
	EndGlobalSection
	GlobalSection(ProjectConfigurationPlatforms) = postSolution
		{ED197455-D195-4CE3-8AA5-59AABEBDDD4E}.Ad-Hoc|Any CPU.ActiveCfg = Release|Any CPU
		{ED197455-D195-4CE3-8AA5-59AABEBDDD4E}.Ad-Hoc|Any CPU.Build.0 = Release|Any CPU
		{ED197455-D195-4CE3-8AA5-59AABEBDDD4E}.Ad-Hoc|Any CPU.Deploy.0 = Release|Any CPU
		{ED197455-D195-4CE3-8AA5-59AABEBDDD4E}.Ad-Hoc|ARM.ActiveCfg = Release|Any CPU
		{ED197455-D195-4CE3-8AA5-59AABEBDDD4E}.Ad-Hoc|ARM.Build.0 = Release|Any CPU
		{ED197455-D195-4CE3-8AA5-59AABEBDDD4E}.Ad-Hoc|ARM.Deploy.0 = Release|Any CPU
		{ED197455-D195-4CE3-8AA5-59AABEBDDD4E}.Ad-Hoc|iPhone.ActiveCfg = Release|Any CPU
		{ED197455-D195-4CE3-8AA5-59AABEBDDD4E}.Ad-Hoc|iPhone.Build.0 = Release|Any CPU
		{ED197455-D195-4CE3-8AA5-59AABEBDDD4E}.Ad-Hoc|iPhone.Deploy.0 = Release|Any CPU
		{ED197455-D195-4CE3-8AA5-59AABEBDDD4E}.Ad-Hoc|iPhoneSimulator.ActiveCfg = Release|Any CPU
		{ED197455-D195-4CE3-8AA5-59AABEBDDD4E}.Ad-Hoc|iPhoneSimulator.Build.0 = Release|Any CPU
		{ED197455-D195-4CE3-8AA5-59AABEBDDD4E}.Ad-Hoc|iPhoneSimulator.Deploy.0 = Release|Any CPU
		{ED197455-D195-4CE3-8AA5-59AABEBDDD4E}.Ad-Hoc|x64.ActiveCfg = Release|Any CPU
		{ED197455-D195-4CE3-8AA5-59AABEBDDD4E}.Ad-Hoc|x64.Build.0 = Release|Any CPU
		{ED197455-D195-4CE3-8AA5-59AABEBDDD4E}.Ad-Hoc|x64.Deploy.0 = Release|Any CPU
		{ED197455-D195-4CE3-8AA5-59AABEBDDD4E}.Ad-Hoc|x86.ActiveCfg = Release|Any CPU
		{ED197455-D195-4CE3-8AA5-59AABEBDDD4E}.Ad-Hoc|x86.Build.0 = Release|Any CPU
		{ED197455-D195-4CE3-8AA5-59AABEBDDD4E}.Ad-Hoc|x86.Deploy.0 = Release|Any CPU
		{ED197455-D195-4CE3-8AA5-59AABEBDDD4E}.AppStore|Any CPU.ActiveCfg = Release|Any CPU
		{ED197455-D195-4CE3-8AA5-59AABEBDDD4E}.AppStore|Any CPU.Build.0 = Release|Any CPU
		{ED197455-D195-4CE3-8AA5-59AABEBDDD4E}.AppStore|Any CPU.Deploy.0 = Release|Any CPU
		{ED197455-D195-4CE3-8AA5-59AABEBDDD4E}.AppStore|ARM.ActiveCfg = Release|Any CPU
		{ED197455-D195-4CE3-8AA5-59AABEBDDD4E}.AppStore|ARM.Build.0 = Release|Any CPU
		{ED197455-D195-4CE3-8AA5-59AABEBDDD4E}.AppStore|ARM.Deploy.0 = Release|Any CPU
		{ED197455-D195-4CE3-8AA5-59AABEBDDD4E}.AppStore|iPhone.ActiveCfg = Release|Any CPU
		{ED197455-D195-4CE3-8AA5-59AABEBDDD4E}.AppStore|iPhone.Build.0 = Release|Any CPU
		{ED197455-D195-4CE3-8AA5-59AABEBDDD4E}.AppStore|iPhone.Deploy.0 = Release|Any CPU
		{ED197455-D195-4CE3-8AA5-59AABEBDDD4E}.AppStore|iPhoneSimulator.ActiveCfg = Release|Any CPU
		{ED197455-D195-4CE3-8AA5-59AABEBDDD4E}.AppStore|iPhoneSimulator.Build.0 = Release|Any CPU
		{ED197455-D195-4CE3-8AA5-59AABEBDDD4E}.AppStore|iPhoneSimulator.Deploy.0 = Release|Any CPU
		{ED197455-D195-4CE3-8AA5-59AABEBDDD4E}.AppStore|x64.ActiveCfg = Release|Any CPU
		{ED197455-D195-4CE3-8AA5-59AABEBDDD4E}.AppStore|x64.Build.0 = Release|Any CPU
		{ED197455-D195-4CE3-8AA5-59AABEBDDD4E}.AppStore|x64.Deploy.0 = Release|Any CPU
		{ED197455-D195-4CE3-8AA5-59AABEBDDD4E}.AppStore|x86.ActiveCfg = Release|Any CPU
		{ED197455-D195-4CE3-8AA5-59AABEBDDD4E}.AppStore|x86.Build.0 = Release|Any CPU
		{ED197455-D195-4CE3-8AA5-59AABEBDDD4E}.AppStore|x86.Deploy.0 = Release|Any CPU
		{ED197455-D195-4CE3-8AA5-59AABEBDDD4E}.Debug|Any CPU.ActiveCfg = Debug|Any CPU
		{ED197455-D195-4CE3-8AA5-59AABEBDDD4E}.Debug|Any CPU.Build.0 = Debug|Any CPU
		{ED197455-D195-4CE3-8AA5-59AABEBDDD4E}.Debug|Any CPU.Deploy.0 = Debug|Any CPU
		{ED197455-D195-4CE3-8AA5-59AABEBDDD4E}.Debug|ARM.ActiveCfg = Debug|Any CPU
		{ED197455-D195-4CE3-8AA5-59AABEBDDD4E}.Debug|ARM.Build.0 = Debug|Any CPU
		{ED197455-D195-4CE3-8AA5-59AABEBDDD4E}.Debug|ARM.Deploy.0 = Debug|Any CPU
		{ED197455-D195-4CE3-8AA5-59AABEBDDD4E}.Debug|iPhone.ActiveCfg = Debug|Any CPU
		{ED197455-D195-4CE3-8AA5-59AABEBDDD4E}.Debug|iPhone.Build.0 = Debug|Any CPU
		{ED197455-D195-4CE3-8AA5-59AABEBDDD4E}.Debug|iPhone.Deploy.0 = Debug|Any CPU
		{ED197455-D195-4CE3-8AA5-59AABEBDDD4E}.Debug|iPhoneSimulator.ActiveCfg = Debug|Any CPU
		{ED197455-D195-4CE3-8AA5-59AABEBDDD4E}.Debug|iPhoneSimulator.Build.0 = Debug|Any CPU
		{ED197455-D195-4CE3-8AA5-59AABEBDDD4E}.Debug|iPhoneSimulator.Deploy.0 = Debug|Any CPU
		{ED197455-D195-4CE3-8AA5-59AABEBDDD4E}.Debug|x64.ActiveCfg = Debug|Any CPU
		{ED197455-D195-4CE3-8AA5-59AABEBDDD4E}.Debug|x64.Build.0 = Debug|Any CPU
		{ED197455-D195-4CE3-8AA5-59AABEBDDD4E}.Debug|x64.Deploy.0 = Debug|Any CPU
		{ED197455-D195-4CE3-8AA5-59AABEBDDD4E}.Debug|x86.ActiveCfg = Debug|Any CPU
		{ED197455-D195-4CE3-8AA5-59AABEBDDD4E}.Debug|x86.Build.0 = Debug|Any CPU
		{ED197455-D195-4CE3-8AA5-59AABEBDDD4E}.Debug|x86.Deploy.0 = Debug|Any CPU
		{ED197455-D195-4CE3-8AA5-59AABEBDDD4E}.Release|Any CPU.ActiveCfg = Release|Any CPU
		{ED197455-D195-4CE3-8AA5-59AABEBDDD4E}.Release|Any CPU.Build.0 = Release|Any CPU
		{ED197455-D195-4CE3-8AA5-59AABEBDDD4E}.Release|Any CPU.Deploy.0 = Release|Any CPU
		{ED197455-D195-4CE3-8AA5-59AABEBDDD4E}.Release|ARM.ActiveCfg = Release|Any CPU
		{ED197455-D195-4CE3-8AA5-59AABEBDDD4E}.Release|ARM.Build.0 = Release|Any CPU
		{ED197455-D195-4CE3-8AA5-59AABEBDDD4E}.Release|ARM.Deploy.0 = Release|Any CPU
		{ED197455-D195-4CE3-8AA5-59AABEBDDD4E}.Release|iPhone.ActiveCfg = Release|Any CPU
		{ED197455-D195-4CE3-8AA5-59AABEBDDD4E}.Release|iPhone.Build.0 = Release|Any CPU
		{ED197455-D195-4CE3-8AA5-59AABEBDDD4E}.Release|iPhone.Deploy.0 = Release|Any CPU
		{ED197455-D195-4CE3-8AA5-59AABEBDDD4E}.Release|iPhoneSimulator.ActiveCfg = Release|Any CPU
		{ED197455-D195-4CE3-8AA5-59AABEBDDD4E}.Release|iPhoneSimulator.Build.0 = Release|Any CPU
		{ED197455-D195-4CE3-8AA5-59AABEBDDD4E}.Release|iPhoneSimulator.Deploy.0 = Release|Any CPU
		{ED197455-D195-4CE3-8AA5-59AABEBDDD4E}.Release|x64.ActiveCfg = Release|Any CPU
		{ED197455-D195-4CE3-8AA5-59AABEBDDD4E}.Release|x64.Build.0 = Release|Any CPU
		{ED197455-D195-4CE3-8AA5-59AABEBDDD4E}.Release|x64.Deploy.0 = Release|Any CPU
		{ED197455-D195-4CE3-8AA5-59AABEBDDD4E}.Release|x86.ActiveCfg = Release|Any CPU
		{ED197455-D195-4CE3-8AA5-59AABEBDDD4E}.Release|x86.Build.0 = Release|Any CPU
		{ED197455-D195-4CE3-8AA5-59AABEBDDD4E}.Release|x86.Deploy.0 = Release|Any CPU
		{14F138DB-3C62-4AB8-90D8-E1DC0E04CE0B}.Ad-Hoc|Any CPU.ActiveCfg = Ad-Hoc|iPhone
		{14F138DB-3C62-4AB8-90D8-E1DC0E04CE0B}.Ad-Hoc|ARM.ActiveCfg = Ad-Hoc|iPhone
		{14F138DB-3C62-4AB8-90D8-E1DC0E04CE0B}.Ad-Hoc|iPhone.ActiveCfg = Ad-Hoc|iPhone
		{14F138DB-3C62-4AB8-90D8-E1DC0E04CE0B}.Ad-Hoc|iPhone.Build.0 = Ad-Hoc|iPhone
		{14F138DB-3C62-4AB8-90D8-E1DC0E04CE0B}.Ad-Hoc|iPhoneSimulator.ActiveCfg = Ad-Hoc|iPhoneSimulator
		{14F138DB-3C62-4AB8-90D8-E1DC0E04CE0B}.Ad-Hoc|iPhoneSimulator.Build.0 = Ad-Hoc|iPhoneSimulator
		{14F138DB-3C62-4AB8-90D8-E1DC0E04CE0B}.Ad-Hoc|x64.ActiveCfg = Ad-Hoc|iPhone
		{14F138DB-3C62-4AB8-90D8-E1DC0E04CE0B}.Ad-Hoc|x86.ActiveCfg = Ad-Hoc|iPhone
		{14F138DB-3C62-4AB8-90D8-E1DC0E04CE0B}.AppStore|Any CPU.ActiveCfg = AppStore|iPhone
		{14F138DB-3C62-4AB8-90D8-E1DC0E04CE0B}.AppStore|ARM.ActiveCfg = AppStore|iPhone
		{14F138DB-3C62-4AB8-90D8-E1DC0E04CE0B}.AppStore|iPhone.ActiveCfg = AppStore|iPhone
		{14F138DB-3C62-4AB8-90D8-E1DC0E04CE0B}.AppStore|iPhone.Build.0 = AppStore|iPhone
		{14F138DB-3C62-4AB8-90D8-E1DC0E04CE0B}.AppStore|iPhoneSimulator.ActiveCfg = AppStore|iPhoneSimulator
		{14F138DB-3C62-4AB8-90D8-E1DC0E04CE0B}.AppStore|iPhoneSimulator.Build.0 = AppStore|iPhoneSimulator
		{14F138DB-3C62-4AB8-90D8-E1DC0E04CE0B}.AppStore|x64.ActiveCfg = AppStore|iPhone
		{14F138DB-3C62-4AB8-90D8-E1DC0E04CE0B}.AppStore|x86.ActiveCfg = AppStore|iPhone
		{14F138DB-3C62-4AB8-90D8-E1DC0E04CE0B}.Debug|Any CPU.ActiveCfg = Debug|iPhone
		{14F138DB-3C62-4AB8-90D8-E1DC0E04CE0B}.Debug|ARM.ActiveCfg = Debug|iPhone
		{14F138DB-3C62-4AB8-90D8-E1DC0E04CE0B}.Debug|iPhone.ActiveCfg = Debug|iPhone
		{14F138DB-3C62-4AB8-90D8-E1DC0E04CE0B}.Debug|iPhone.Build.0 = Debug|iPhone
		{14F138DB-3C62-4AB8-90D8-E1DC0E04CE0B}.Debug|iPhoneSimulator.ActiveCfg = Debug|iPhoneSimulator
		{14F138DB-3C62-4AB8-90D8-E1DC0E04CE0B}.Debug|iPhoneSimulator.Build.0 = Debug|iPhoneSimulator
		{14F138DB-3C62-4AB8-90D8-E1DC0E04CE0B}.Debug|x64.ActiveCfg = Debug|iPhone
		{14F138DB-3C62-4AB8-90D8-E1DC0E04CE0B}.Debug|x86.ActiveCfg = Debug|iPhone
		{14F138DB-3C62-4AB8-90D8-E1DC0E04CE0B}.Release|Any CPU.ActiveCfg = Release|iPhone
		{14F138DB-3C62-4AB8-90D8-E1DC0E04CE0B}.Release|Any CPU.Deploy.0 = Release|iPhone
		{14F138DB-3C62-4AB8-90D8-E1DC0E04CE0B}.Release|ARM.ActiveCfg = Release|iPhone
		{14F138DB-3C62-4AB8-90D8-E1DC0E04CE0B}.Release|iPhone.ActiveCfg = Release|iPhone
		{14F138DB-3C62-4AB8-90D8-E1DC0E04CE0B}.Release|iPhone.Build.0 = Release|iPhone
		{14F138DB-3C62-4AB8-90D8-E1DC0E04CE0B}.Release|iPhoneSimulator.ActiveCfg = Release|iPhoneSimulator
		{14F138DB-3C62-4AB8-90D8-E1DC0E04CE0B}.Release|iPhoneSimulator.Build.0 = Release|iPhoneSimulator
		{14F138DB-3C62-4AB8-90D8-E1DC0E04CE0B}.Release|x64.ActiveCfg = Release|iPhone
		{14F138DB-3C62-4AB8-90D8-E1DC0E04CE0B}.Release|x86.ActiveCfg = Release|iPhone
		{C7FCA1CD-1436-4E60-AC7B-32EB08327736}.Ad-Hoc|Any CPU.ActiveCfg = Release|Any CPU
		{C7FCA1CD-1436-4E60-AC7B-32EB08327736}.Ad-Hoc|Any CPU.Build.0 = Release|Any CPU
		{C7FCA1CD-1436-4E60-AC7B-32EB08327736}.Ad-Hoc|Any CPU.Deploy.0 = Release|Any CPU
		{C7FCA1CD-1436-4E60-AC7B-32EB08327736}.Ad-Hoc|ARM.ActiveCfg = Release|ARM
		{C7FCA1CD-1436-4E60-AC7B-32EB08327736}.Ad-Hoc|ARM.Build.0 = Release|ARM
		{C7FCA1CD-1436-4E60-AC7B-32EB08327736}.Ad-Hoc|ARM.Deploy.0 = Release|ARM
		{C7FCA1CD-1436-4E60-AC7B-32EB08327736}.Ad-Hoc|iPhone.ActiveCfg = Release|Any CPU
		{C7FCA1CD-1436-4E60-AC7B-32EB08327736}.Ad-Hoc|iPhone.Build.0 = Release|Any CPU
		{C7FCA1CD-1436-4E60-AC7B-32EB08327736}.Ad-Hoc|iPhone.Deploy.0 = Release|Any CPU
		{C7FCA1CD-1436-4E60-AC7B-32EB08327736}.Ad-Hoc|iPhoneSimulator.ActiveCfg = Release|Any CPU
		{C7FCA1CD-1436-4E60-AC7B-32EB08327736}.Ad-Hoc|iPhoneSimulator.Build.0 = Release|Any CPU
		{C7FCA1CD-1436-4E60-AC7B-32EB08327736}.Ad-Hoc|iPhoneSimulator.Deploy.0 = Release|Any CPU
		{C7FCA1CD-1436-4E60-AC7B-32EB08327736}.Ad-Hoc|x64.ActiveCfg = Release|Any CPU
		{C7FCA1CD-1436-4E60-AC7B-32EB08327736}.Ad-Hoc|x64.Build.0 = Release|Any CPU
		{C7FCA1CD-1436-4E60-AC7B-32EB08327736}.Ad-Hoc|x64.Deploy.0 = Release|Any CPU
		{C7FCA1CD-1436-4E60-AC7B-32EB08327736}.Ad-Hoc|x86.ActiveCfg = Release|x86
		{C7FCA1CD-1436-4E60-AC7B-32EB08327736}.Ad-Hoc|x86.Build.0 = Release|x86
		{C7FCA1CD-1436-4E60-AC7B-32EB08327736}.Ad-Hoc|x86.Deploy.0 = Release|x86
		{C7FCA1CD-1436-4E60-AC7B-32EB08327736}.AppStore|Any CPU.ActiveCfg = Release|Any CPU
		{C7FCA1CD-1436-4E60-AC7B-32EB08327736}.AppStore|Any CPU.Build.0 = Release|Any CPU
		{C7FCA1CD-1436-4E60-AC7B-32EB08327736}.AppStore|Any CPU.Deploy.0 = Release|Any CPU
		{C7FCA1CD-1436-4E60-AC7B-32EB08327736}.AppStore|ARM.ActiveCfg = Release|ARM
		{C7FCA1CD-1436-4E60-AC7B-32EB08327736}.AppStore|ARM.Build.0 = Release|ARM
		{C7FCA1CD-1436-4E60-AC7B-32EB08327736}.AppStore|ARM.Deploy.0 = Release|ARM
		{C7FCA1CD-1436-4E60-AC7B-32EB08327736}.AppStore|iPhone.ActiveCfg = Release|Any CPU
		{C7FCA1CD-1436-4E60-AC7B-32EB08327736}.AppStore|iPhone.Build.0 = Release|Any CPU
		{C7FCA1CD-1436-4E60-AC7B-32EB08327736}.AppStore|iPhone.Deploy.0 = Release|Any CPU
		{C7FCA1CD-1436-4E60-AC7B-32EB08327736}.AppStore|iPhoneSimulator.ActiveCfg = Release|Any CPU
		{C7FCA1CD-1436-4E60-AC7B-32EB08327736}.AppStore|iPhoneSimulator.Build.0 = Release|Any CPU
		{C7FCA1CD-1436-4E60-AC7B-32EB08327736}.AppStore|iPhoneSimulator.Deploy.0 = Release|Any CPU
		{C7FCA1CD-1436-4E60-AC7B-32EB08327736}.AppStore|x64.ActiveCfg = Release|Any CPU
		{C7FCA1CD-1436-4E60-AC7B-32EB08327736}.AppStore|x64.Build.0 = Release|Any CPU
		{C7FCA1CD-1436-4E60-AC7B-32EB08327736}.AppStore|x64.Deploy.0 = Release|Any CPU
		{C7FCA1CD-1436-4E60-AC7B-32EB08327736}.AppStore|x86.ActiveCfg = Release|x86
		{C7FCA1CD-1436-4E60-AC7B-32EB08327736}.AppStore|x86.Build.0 = Release|x86
		{C7FCA1CD-1436-4E60-AC7B-32EB08327736}.AppStore|x86.Deploy.0 = Release|x86
		{C7FCA1CD-1436-4E60-AC7B-32EB08327736}.Debug|Any CPU.ActiveCfg = Debug|Any CPU
		{C7FCA1CD-1436-4E60-AC7B-32EB08327736}.Debug|Any CPU.Build.0 = Debug|Any CPU
		{C7FCA1CD-1436-4E60-AC7B-32EB08327736}.Debug|Any CPU.Deploy.0 = Debug|Any CPU
		{C7FCA1CD-1436-4E60-AC7B-32EB08327736}.Debug|ARM.ActiveCfg = Debug|ARM
		{C7FCA1CD-1436-4E60-AC7B-32EB08327736}.Debug|ARM.Build.0 = Debug|ARM
		{C7FCA1CD-1436-4E60-AC7B-32EB08327736}.Debug|ARM.Deploy.0 = Debug|ARM
		{C7FCA1CD-1436-4E60-AC7B-32EB08327736}.Debug|iPhone.ActiveCfg = Debug|Any CPU
		{C7FCA1CD-1436-4E60-AC7B-32EB08327736}.Debug|iPhone.Build.0 = Debug|Any CPU
		{C7FCA1CD-1436-4E60-AC7B-32EB08327736}.Debug|iPhone.Deploy.0 = Debug|Any CPU
		{C7FCA1CD-1436-4E60-AC7B-32EB08327736}.Debug|iPhoneSimulator.ActiveCfg = Debug|Any CPU
		{C7FCA1CD-1436-4E60-AC7B-32EB08327736}.Debug|iPhoneSimulator.Build.0 = Debug|Any CPU
		{C7FCA1CD-1436-4E60-AC7B-32EB08327736}.Debug|iPhoneSimulator.Deploy.0 = Debug|Any CPU
		{C7FCA1CD-1436-4E60-AC7B-32EB08327736}.Debug|x64.ActiveCfg = Debug|Any CPU
		{C7FCA1CD-1436-4E60-AC7B-32EB08327736}.Debug|x64.Build.0 = Debug|Any CPU
		{C7FCA1CD-1436-4E60-AC7B-32EB08327736}.Debug|x64.Deploy.0 = Debug|Any CPU
		{C7FCA1CD-1436-4E60-AC7B-32EB08327736}.Debug|x86.ActiveCfg = Debug|x86
		{C7FCA1CD-1436-4E60-AC7B-32EB08327736}.Debug|x86.Build.0 = Debug|x86
		{C7FCA1CD-1436-4E60-AC7B-32EB08327736}.Debug|x86.Deploy.0 = Debug|x86
		{C7FCA1CD-1436-4E60-AC7B-32EB08327736}.Release|Any CPU.ActiveCfg = Release|Any CPU
		{C7FCA1CD-1436-4E60-AC7B-32EB08327736}.Release|Any CPU.Build.0 = Release|Any CPU
		{C7FCA1CD-1436-4E60-AC7B-32EB08327736}.Release|Any CPU.Deploy.0 = Release|Any CPU
		{C7FCA1CD-1436-4E60-AC7B-32EB08327736}.Release|ARM.ActiveCfg = Release|ARM
		{C7FCA1CD-1436-4E60-AC7B-32EB08327736}.Release|ARM.Build.0 = Release|ARM
		{C7FCA1CD-1436-4E60-AC7B-32EB08327736}.Release|ARM.Deploy.0 = Release|ARM
		{C7FCA1CD-1436-4E60-AC7B-32EB08327736}.Release|iPhone.ActiveCfg = Release|Any CPU
		{C7FCA1CD-1436-4E60-AC7B-32EB08327736}.Release|iPhone.Build.0 = Release|Any CPU
		{C7FCA1CD-1436-4E60-AC7B-32EB08327736}.Release|iPhone.Deploy.0 = Release|Any CPU
		{C7FCA1CD-1436-4E60-AC7B-32EB08327736}.Release|iPhoneSimulator.ActiveCfg = Release|Any CPU
		{C7FCA1CD-1436-4E60-AC7B-32EB08327736}.Release|iPhoneSimulator.Build.0 = Release|Any CPU
		{C7FCA1CD-1436-4E60-AC7B-32EB08327736}.Release|iPhoneSimulator.Deploy.0 = Release|Any CPU
		{C7FCA1CD-1436-4E60-AC7B-32EB08327736}.Release|x64.ActiveCfg = Release|Any CPU
		{C7FCA1CD-1436-4E60-AC7B-32EB08327736}.Release|x64.Build.0 = Release|Any CPU
		{C7FCA1CD-1436-4E60-AC7B-32EB08327736}.Release|x64.Deploy.0 = Release|Any CPU
		{C7FCA1CD-1436-4E60-AC7B-32EB08327736}.Release|x86.ActiveCfg = Release|x86
		{C7FCA1CD-1436-4E60-AC7B-32EB08327736}.Release|x86.Build.0 = Release|x86
		{C7FCA1CD-1436-4E60-AC7B-32EB08327736}.Release|x86.Deploy.0 = Release|x86
		{94104927-AAB7-4870-A12E-F33816201F2D}.Ad-Hoc|Any CPU.ActiveCfg = Release|Any CPU
		{94104927-AAB7-4870-A12E-F33816201F2D}.Ad-Hoc|Any CPU.Build.0 = Release|Any CPU
		{94104927-AAB7-4870-A12E-F33816201F2D}.Ad-Hoc|Any CPU.Deploy.0 = Release|Any CPU
		{94104927-AAB7-4870-A12E-F33816201F2D}.Ad-Hoc|ARM.ActiveCfg = Release|ARM
		{94104927-AAB7-4870-A12E-F33816201F2D}.Ad-Hoc|ARM.Build.0 = Release|ARM
		{94104927-AAB7-4870-A12E-F33816201F2D}.Ad-Hoc|ARM.Deploy.0 = Release|ARM
		{94104927-AAB7-4870-A12E-F33816201F2D}.Ad-Hoc|iPhone.ActiveCfg = Release|Any CPU
		{94104927-AAB7-4870-A12E-F33816201F2D}.Ad-Hoc|iPhone.Build.0 = Release|Any CPU
		{94104927-AAB7-4870-A12E-F33816201F2D}.Ad-Hoc|iPhone.Deploy.0 = Release|Any CPU
		{94104927-AAB7-4870-A12E-F33816201F2D}.Ad-Hoc|iPhoneSimulator.ActiveCfg = Release|Any CPU
		{94104927-AAB7-4870-A12E-F33816201F2D}.Ad-Hoc|iPhoneSimulator.Build.0 = Release|Any CPU
		{94104927-AAB7-4870-A12E-F33816201F2D}.Ad-Hoc|iPhoneSimulator.Deploy.0 = Release|Any CPU
		{94104927-AAB7-4870-A12E-F33816201F2D}.Ad-Hoc|x64.ActiveCfg = Release|x64
		{94104927-AAB7-4870-A12E-F33816201F2D}.Ad-Hoc|x64.Build.0 = Release|x64
		{94104927-AAB7-4870-A12E-F33816201F2D}.Ad-Hoc|x64.Deploy.0 = Release|x64
		{94104927-AAB7-4870-A12E-F33816201F2D}.Ad-Hoc|x86.ActiveCfg = Release|x86
		{94104927-AAB7-4870-A12E-F33816201F2D}.Ad-Hoc|x86.Build.0 = Release|x86
		{94104927-AAB7-4870-A12E-F33816201F2D}.Ad-Hoc|x86.Deploy.0 = Release|x86
		{94104927-AAB7-4870-A12E-F33816201F2D}.AppStore|Any CPU.ActiveCfg = Release|Any CPU
		{94104927-AAB7-4870-A12E-F33816201F2D}.AppStore|Any CPU.Build.0 = Release|Any CPU
		{94104927-AAB7-4870-A12E-F33816201F2D}.AppStore|Any CPU.Deploy.0 = Release|Any CPU
		{94104927-AAB7-4870-A12E-F33816201F2D}.AppStore|ARM.ActiveCfg = Release|ARM
		{94104927-AAB7-4870-A12E-F33816201F2D}.AppStore|ARM.Build.0 = Release|ARM
		{94104927-AAB7-4870-A12E-F33816201F2D}.AppStore|ARM.Deploy.0 = Release|ARM
		{94104927-AAB7-4870-A12E-F33816201F2D}.AppStore|iPhone.ActiveCfg = Release|Any CPU
		{94104927-AAB7-4870-A12E-F33816201F2D}.AppStore|iPhone.Build.0 = Release|Any CPU
		{94104927-AAB7-4870-A12E-F33816201F2D}.AppStore|iPhone.Deploy.0 = Release|Any CPU
		{94104927-AAB7-4870-A12E-F33816201F2D}.AppStore|iPhoneSimulator.ActiveCfg = Release|Any CPU
		{94104927-AAB7-4870-A12E-F33816201F2D}.AppStore|iPhoneSimulator.Build.0 = Release|Any CPU
		{94104927-AAB7-4870-A12E-F33816201F2D}.AppStore|iPhoneSimulator.Deploy.0 = Release|Any CPU
		{94104927-AAB7-4870-A12E-F33816201F2D}.AppStore|x64.ActiveCfg = Release|x64
		{94104927-AAB7-4870-A12E-F33816201F2D}.AppStore|x64.Build.0 = Release|x64
		{94104927-AAB7-4870-A12E-F33816201F2D}.AppStore|x64.Deploy.0 = Release|x64
		{94104927-AAB7-4870-A12E-F33816201F2D}.AppStore|x86.ActiveCfg = Release|x86
		{94104927-AAB7-4870-A12E-F33816201F2D}.AppStore|x86.Build.0 = Release|x86
		{94104927-AAB7-4870-A12E-F33816201F2D}.AppStore|x86.Deploy.0 = Release|x86
		{94104927-AAB7-4870-A12E-F33816201F2D}.Debug|Any CPU.ActiveCfg = Debug|x86
		{94104927-AAB7-4870-A12E-F33816201F2D}.Debug|Any CPU.Build.0 = Debug|x86
		{94104927-AAB7-4870-A12E-F33816201F2D}.Debug|Any CPU.Deploy.0 = Debug|x86
		{94104927-AAB7-4870-A12E-F33816201F2D}.Debug|ARM.ActiveCfg = Debug|ARM
		{94104927-AAB7-4870-A12E-F33816201F2D}.Debug|ARM.Build.0 = Debug|ARM
		{94104927-AAB7-4870-A12E-F33816201F2D}.Debug|ARM.Deploy.0 = Debug|ARM
		{94104927-AAB7-4870-A12E-F33816201F2D}.Debug|iPhone.ActiveCfg = Debug|Any CPU
		{94104927-AAB7-4870-A12E-F33816201F2D}.Debug|iPhone.Build.0 = Debug|Any CPU
		{94104927-AAB7-4870-A12E-F33816201F2D}.Debug|iPhone.Deploy.0 = Debug|Any CPU
		{94104927-AAB7-4870-A12E-F33816201F2D}.Debug|iPhoneSimulator.ActiveCfg = Debug|Any CPU
		{94104927-AAB7-4870-A12E-F33816201F2D}.Debug|iPhoneSimulator.Build.0 = Debug|Any CPU
		{94104927-AAB7-4870-A12E-F33816201F2D}.Debug|iPhoneSimulator.Deploy.0 = Debug|Any CPU
		{94104927-AAB7-4870-A12E-F33816201F2D}.Debug|x64.ActiveCfg = Debug|x64
		{94104927-AAB7-4870-A12E-F33816201F2D}.Debug|x64.Build.0 = Debug|x64
		{94104927-AAB7-4870-A12E-F33816201F2D}.Debug|x64.Deploy.0 = Debug|x64
		{94104927-AAB7-4870-A12E-F33816201F2D}.Debug|x86.ActiveCfg = Debug|x86
		{94104927-AAB7-4870-A12E-F33816201F2D}.Debug|x86.Build.0 = Debug|x86
		{94104927-AAB7-4870-A12E-F33816201F2D}.Debug|x86.Deploy.0 = Debug|x86
		{94104927-AAB7-4870-A12E-F33816201F2D}.Release|Any CPU.ActiveCfg = Release|Any CPU
		{94104927-AAB7-4870-A12E-F33816201F2D}.Release|Any CPU.Build.0 = Release|Any CPU
		{94104927-AAB7-4870-A12E-F33816201F2D}.Release|Any CPU.Deploy.0 = Release|Any CPU
		{94104927-AAB7-4870-A12E-F33816201F2D}.Release|ARM.ActiveCfg = Release|ARM
		{94104927-AAB7-4870-A12E-F33816201F2D}.Release|ARM.Build.0 = Release|ARM
		{94104927-AAB7-4870-A12E-F33816201F2D}.Release|ARM.Deploy.0 = Release|ARM
		{94104927-AAB7-4870-A12E-F33816201F2D}.Release|iPhone.ActiveCfg = Release|Any CPU
		{94104927-AAB7-4870-A12E-F33816201F2D}.Release|iPhone.Build.0 = Release|Any CPU
		{94104927-AAB7-4870-A12E-F33816201F2D}.Release|iPhone.Deploy.0 = Release|Any CPU
		{94104927-AAB7-4870-A12E-F33816201F2D}.Release|iPhoneSimulator.ActiveCfg = Release|Any CPU
		{94104927-AAB7-4870-A12E-F33816201F2D}.Release|iPhoneSimulator.Build.0 = Release|Any CPU
		{94104927-AAB7-4870-A12E-F33816201F2D}.Release|iPhoneSimulator.Deploy.0 = Release|Any CPU
		{94104927-AAB7-4870-A12E-F33816201F2D}.Release|x64.ActiveCfg = Release|x64
		{94104927-AAB7-4870-A12E-F33816201F2D}.Release|x64.Build.0 = Release|x64
		{94104927-AAB7-4870-A12E-F33816201F2D}.Release|x64.Deploy.0 = Release|x64
		{94104927-AAB7-4870-A12E-F33816201F2D}.Release|x86.ActiveCfg = Release|x86
		{94104927-AAB7-4870-A12E-F33816201F2D}.Release|x86.Build.0 = Release|x86
		{94104927-AAB7-4870-A12E-F33816201F2D}.Release|x86.Deploy.0 = Release|x86
		{A6BCA2F6-7EA6-4642-8D13-CE0F800C4944}.Ad-Hoc|Any CPU.ActiveCfg = Release|Any CPU
		{A6BCA2F6-7EA6-4642-8D13-CE0F800C4944}.Ad-Hoc|Any CPU.Build.0 = Release|Any CPU
		{A6BCA2F6-7EA6-4642-8D13-CE0F800C4944}.Ad-Hoc|ARM.ActiveCfg = Release|Any CPU
		{A6BCA2F6-7EA6-4642-8D13-CE0F800C4944}.Ad-Hoc|ARM.Build.0 = Release|Any CPU
		{A6BCA2F6-7EA6-4642-8D13-CE0F800C4944}.Ad-Hoc|iPhone.ActiveCfg = Release|Any CPU
		{A6BCA2F6-7EA6-4642-8D13-CE0F800C4944}.Ad-Hoc|iPhone.Build.0 = Release|Any CPU
		{A6BCA2F6-7EA6-4642-8D13-CE0F800C4944}.Ad-Hoc|iPhoneSimulator.ActiveCfg = Release|Any CPU
		{A6BCA2F6-7EA6-4642-8D13-CE0F800C4944}.Ad-Hoc|iPhoneSimulator.Build.0 = Release|Any CPU
		{A6BCA2F6-7EA6-4642-8D13-CE0F800C4944}.Ad-Hoc|x64.ActiveCfg = Release|Any CPU
		{A6BCA2F6-7EA6-4642-8D13-CE0F800C4944}.Ad-Hoc|x64.Build.0 = Release|Any CPU
		{A6BCA2F6-7EA6-4642-8D13-CE0F800C4944}.Ad-Hoc|x86.ActiveCfg = Release|Any CPU
		{A6BCA2F6-7EA6-4642-8D13-CE0F800C4944}.Ad-Hoc|x86.Build.0 = Release|Any CPU
		{A6BCA2F6-7EA6-4642-8D13-CE0F800C4944}.AppStore|Any CPU.ActiveCfg = Release|Any CPU
		{A6BCA2F6-7EA6-4642-8D13-CE0F800C4944}.AppStore|Any CPU.Build.0 = Release|Any CPU
		{A6BCA2F6-7EA6-4642-8D13-CE0F800C4944}.AppStore|ARM.ActiveCfg = Release|Any CPU
		{A6BCA2F6-7EA6-4642-8D13-CE0F800C4944}.AppStore|ARM.Build.0 = Release|Any CPU
		{A6BCA2F6-7EA6-4642-8D13-CE0F800C4944}.AppStore|iPhone.ActiveCfg = Release|Any CPU
		{A6BCA2F6-7EA6-4642-8D13-CE0F800C4944}.AppStore|iPhone.Build.0 = Release|Any CPU
		{A6BCA2F6-7EA6-4642-8D13-CE0F800C4944}.AppStore|iPhoneSimulator.ActiveCfg = Release|Any CPU
		{A6BCA2F6-7EA6-4642-8D13-CE0F800C4944}.AppStore|iPhoneSimulator.Build.0 = Release|Any CPU
		{A6BCA2F6-7EA6-4642-8D13-CE0F800C4944}.AppStore|x64.ActiveCfg = Release|Any CPU
		{A6BCA2F6-7EA6-4642-8D13-CE0F800C4944}.AppStore|x64.Build.0 = Release|Any CPU
		{A6BCA2F6-7EA6-4642-8D13-CE0F800C4944}.AppStore|x86.ActiveCfg = Release|Any CPU
		{A6BCA2F6-7EA6-4642-8D13-CE0F800C4944}.AppStore|x86.Build.0 = Release|Any CPU
		{A6BCA2F6-7EA6-4642-8D13-CE0F800C4944}.Debug|Any CPU.ActiveCfg = Debug|Any CPU
		{A6BCA2F6-7EA6-4642-8D13-CE0F800C4944}.Debug|Any CPU.Build.0 = Debug|Any CPU
		{A6BCA2F6-7EA6-4642-8D13-CE0F800C4944}.Debug|ARM.ActiveCfg = Debug|Any CPU
		{A6BCA2F6-7EA6-4642-8D13-CE0F800C4944}.Debug|ARM.Build.0 = Debug|Any CPU
		{A6BCA2F6-7EA6-4642-8D13-CE0F800C4944}.Debug|iPhone.ActiveCfg = Debug|Any CPU
		{A6BCA2F6-7EA6-4642-8D13-CE0F800C4944}.Debug|iPhone.Build.0 = Debug|Any CPU
		{A6BCA2F6-7EA6-4642-8D13-CE0F800C4944}.Debug|iPhoneSimulator.ActiveCfg = Debug|Any CPU
		{A6BCA2F6-7EA6-4642-8D13-CE0F800C4944}.Debug|iPhoneSimulator.Build.0 = Debug|Any CPU
		{A6BCA2F6-7EA6-4642-8D13-CE0F800C4944}.Debug|x64.ActiveCfg = Debug|Any CPU
		{A6BCA2F6-7EA6-4642-8D13-CE0F800C4944}.Debug|x64.Build.0 = Debug|Any CPU
		{A6BCA2F6-7EA6-4642-8D13-CE0F800C4944}.Debug|x86.ActiveCfg = Debug|Any CPU
		{A6BCA2F6-7EA6-4642-8D13-CE0F800C4944}.Debug|x86.Build.0 = Debug|Any CPU
		{A6BCA2F6-7EA6-4642-8D13-CE0F800C4944}.Release|Any CPU.ActiveCfg = Release|Any CPU
		{A6BCA2F6-7EA6-4642-8D13-CE0F800C4944}.Release|Any CPU.Build.0 = Release|Any CPU
		{A6BCA2F6-7EA6-4642-8D13-CE0F800C4944}.Release|ARM.ActiveCfg = Release|Any CPU
		{A6BCA2F6-7EA6-4642-8D13-CE0F800C4944}.Release|ARM.Build.0 = Release|Any CPU
		{A6BCA2F6-7EA6-4642-8D13-CE0F800C4944}.Release|iPhone.ActiveCfg = Release|Any CPU
		{A6BCA2F6-7EA6-4642-8D13-CE0F800C4944}.Release|iPhone.Build.0 = Release|Any CPU
		{A6BCA2F6-7EA6-4642-8D13-CE0F800C4944}.Release|iPhoneSimulator.ActiveCfg = Release|Any CPU
		{A6BCA2F6-7EA6-4642-8D13-CE0F800C4944}.Release|iPhoneSimulator.Build.0 = Release|Any CPU
		{A6BCA2F6-7EA6-4642-8D13-CE0F800C4944}.Release|x64.ActiveCfg = Release|Any CPU
		{A6BCA2F6-7EA6-4642-8D13-CE0F800C4944}.Release|x64.Build.0 = Release|Any CPU
		{A6BCA2F6-7EA6-4642-8D13-CE0F800C4944}.Release|x86.ActiveCfg = Release|Any CPU
		{A6BCA2F6-7EA6-4642-8D13-CE0F800C4944}.Release|x86.Build.0 = Release|Any CPU
		{1F138269-ADB0-44F5-A51D-2C70D3E6636E}.Ad-Hoc|Any CPU.ActiveCfg = Release|Any CPU
		{1F138269-ADB0-44F5-A51D-2C70D3E6636E}.Ad-Hoc|Any CPU.Build.0 = Release|Any CPU
		{1F138269-ADB0-44F5-A51D-2C70D3E6636E}.Ad-Hoc|ARM.ActiveCfg = Release|Any CPU
		{1F138269-ADB0-44F5-A51D-2C70D3E6636E}.Ad-Hoc|ARM.Build.0 = Release|Any CPU
		{1F138269-ADB0-44F5-A51D-2C70D3E6636E}.Ad-Hoc|iPhone.ActiveCfg = Release|Any CPU
		{1F138269-ADB0-44F5-A51D-2C70D3E6636E}.Ad-Hoc|iPhone.Build.0 = Release|Any CPU
		{1F138269-ADB0-44F5-A51D-2C70D3E6636E}.Ad-Hoc|iPhoneSimulator.ActiveCfg = Release|Any CPU
		{1F138269-ADB0-44F5-A51D-2C70D3E6636E}.Ad-Hoc|iPhoneSimulator.Build.0 = Release|Any CPU
		{1F138269-ADB0-44F5-A51D-2C70D3E6636E}.Ad-Hoc|x64.ActiveCfg = Release|Any CPU
		{1F138269-ADB0-44F5-A51D-2C70D3E6636E}.Ad-Hoc|x64.Build.0 = Release|Any CPU
		{1F138269-ADB0-44F5-A51D-2C70D3E6636E}.Ad-Hoc|x86.ActiveCfg = Release|Any CPU
		{1F138269-ADB0-44F5-A51D-2C70D3E6636E}.Ad-Hoc|x86.Build.0 = Release|Any CPU
		{1F138269-ADB0-44F5-A51D-2C70D3E6636E}.AppStore|Any CPU.ActiveCfg = Release|Any CPU
		{1F138269-ADB0-44F5-A51D-2C70D3E6636E}.AppStore|Any CPU.Build.0 = Release|Any CPU
		{1F138269-ADB0-44F5-A51D-2C70D3E6636E}.AppStore|ARM.ActiveCfg = Release|Any CPU
		{1F138269-ADB0-44F5-A51D-2C70D3E6636E}.AppStore|ARM.Build.0 = Release|Any CPU
		{1F138269-ADB0-44F5-A51D-2C70D3E6636E}.AppStore|iPhone.ActiveCfg = Release|Any CPU
		{1F138269-ADB0-44F5-A51D-2C70D3E6636E}.AppStore|iPhone.Build.0 = Release|Any CPU
		{1F138269-ADB0-44F5-A51D-2C70D3E6636E}.AppStore|iPhoneSimulator.ActiveCfg = Release|Any CPU
		{1F138269-ADB0-44F5-A51D-2C70D3E6636E}.AppStore|iPhoneSimulator.Build.0 = Release|Any CPU
		{1F138269-ADB0-44F5-A51D-2C70D3E6636E}.AppStore|x64.ActiveCfg = Release|Any CPU
		{1F138269-ADB0-44F5-A51D-2C70D3E6636E}.AppStore|x64.Build.0 = Release|Any CPU
		{1F138269-ADB0-44F5-A51D-2C70D3E6636E}.AppStore|x86.ActiveCfg = Release|Any CPU
		{1F138269-ADB0-44F5-A51D-2C70D3E6636E}.AppStore|x86.Build.0 = Release|Any CPU
		{1F138269-ADB0-44F5-A51D-2C70D3E6636E}.Debug|Any CPU.ActiveCfg = Release|Any CPU
		{1F138269-ADB0-44F5-A51D-2C70D3E6636E}.Debug|ARM.ActiveCfg = Debug|Any CPU
		{1F138269-ADB0-44F5-A51D-2C70D3E6636E}.Debug|ARM.Build.0 = Debug|Any CPU
		{1F138269-ADB0-44F5-A51D-2C70D3E6636E}.Debug|iPhone.ActiveCfg = Debug|Any CPU
		{1F138269-ADB0-44F5-A51D-2C70D3E6636E}.Debug|iPhone.Build.0 = Debug|Any CPU
		{1F138269-ADB0-44F5-A51D-2C70D3E6636E}.Debug|iPhoneSimulator.ActiveCfg = Debug|Any CPU
		{1F138269-ADB0-44F5-A51D-2C70D3E6636E}.Debug|iPhoneSimulator.Build.0 = Debug|Any CPU
		{1F138269-ADB0-44F5-A51D-2C70D3E6636E}.Debug|x64.ActiveCfg = Debug|Any CPU
		{1F138269-ADB0-44F5-A51D-2C70D3E6636E}.Debug|x64.Build.0 = Debug|Any CPU
		{1F138269-ADB0-44F5-A51D-2C70D3E6636E}.Debug|x86.ActiveCfg = Debug|Any CPU
		{1F138269-ADB0-44F5-A51D-2C70D3E6636E}.Debug|x86.Build.0 = Debug|Any CPU
		{1F138269-ADB0-44F5-A51D-2C70D3E6636E}.Release|Any CPU.ActiveCfg = Release|Any CPU
		{1F138269-ADB0-44F5-A51D-2C70D3E6636E}.Release|ARM.ActiveCfg = Release|Any CPU
		{1F138269-ADB0-44F5-A51D-2C70D3E6636E}.Release|ARM.Build.0 = Release|Any CPU
		{1F138269-ADB0-44F5-A51D-2C70D3E6636E}.Release|iPhone.ActiveCfg = Release|Any CPU
		{1F138269-ADB0-44F5-A51D-2C70D3E6636E}.Release|iPhone.Build.0 = Release|Any CPU
		{1F138269-ADB0-44F5-A51D-2C70D3E6636E}.Release|iPhoneSimulator.ActiveCfg = Release|Any CPU
		{1F138269-ADB0-44F5-A51D-2C70D3E6636E}.Release|iPhoneSimulator.Build.0 = Release|Any CPU
		{1F138269-ADB0-44F5-A51D-2C70D3E6636E}.Release|x64.ActiveCfg = Release|Any CPU
		{1F138269-ADB0-44F5-A51D-2C70D3E6636E}.Release|x64.Build.0 = Release|Any CPU
		{1F138269-ADB0-44F5-A51D-2C70D3E6636E}.Release|x86.ActiveCfg = Release|Any CPU
		{1F138269-ADB0-44F5-A51D-2C70D3E6636E}.Release|x86.Build.0 = Release|Any CPU
	EndGlobalSection
	GlobalSection(SolutionProperties) = preSolution
		HideSolutionNode = FALSE
	EndGlobalSection
EndGlobal
